{
  "version": 4,
  "terraform_version": "1.0.7",
  "serial": 13,
  "lineage": "fdcc1dd3-2e64-3e5b-899f-78506eb8ebcc",
  "outputs": {
    "bucket_arn": {
      "value": "arn:aws:s3:::terratestvalidationnttdata",
      "type": "string"
    },
    "bucket_id": {
      "value": "terratestvalidationnttdata",
      "type": "string"
    }
  },
  "resources": [
    {
      "mode": "data",
      "type": "aws_caller_identity",
      "name": "current",
      "provider": "provider[\"registry.terraform.io/hashicorp/aws\"]",
      "instances": [
        {
          "schema_version": 0,
          "attributes": {
            "account_id": "904634255089",
            "arn": "arn:aws:iam::904634255089:user/simpleuser",
            "id": "904634255089",
            "user_id": "AIDA5FIDHI3YQOORQAAF4"
          },
          "sensitive_attributes": []
        }
      ]
    },
    {
      "mode": "managed",
      "type": "aws_s3_bucket",
      "name": "terratest-bucket",
      "provider": "provider[\"registry.terraform.io/hashicorp/aws\"]",
      "instances": [
        {
          "schema_version": 0,
          "attributes": {
            "acceleration_status": "",
            "acl": "private",
            "arn": "arn:aws:s3:::terratestvalidationnttdata",
            "bucket": "terratestvalidationnttdata",
            "bucket_domain_name": "terratestvalidationnttdata.s3.amazonaws.com",
            "bucket_prefix": null,
            "bucket_regional_domain_name": "terratestvalidationnttdata.s3.amazonaws.com",
            "cors_rule": [],
            "force_destroy": false,
            "grant": [],
            "hosted_zone_id": "Z3AQBSTGFYJSTF",
            "id": "terratestvalidationnttdata",
            "lifecycle_rule": [],
            "logging": [],
            "object_lock_configuration": [],
            "policy": null,
            "region": "us-east-1",
            "replication_configuration": [],
            "request_payer": "BucketOwner",
            "server_side_encryption_configuration": [],
            "tags": {
              "Environment": "Dev",
              "Name": "bucket_id"
            },
            "tags_all": {
              "Environment": "Dev",
              "Name": "bucket_id"
            },
            "versioning": [
              {
                "enabled": true,
                "mfa_delete": false
              }
            ],
            "website": [],
            "website_domain": null,
            "website_endpoint": null
          },
          "sensitive_attributes": [],
          "private": "bnVsbA=="
        }
      ]
    }
  ]
}
